
Microsoft Visual Studio Solution File, Format Version 12.00
# Visual Studio Version 17
VisualStudioVersion = 17.5.001.0
MinimumVisualStudioVersion = 10.0.40219.1
Project("{9A19103F-16F7-4668-BE54-9A1E7A4F7556}") = "TinyHttpServer", "TinyHttpServer.csproj", "{AC728CAB-1B7A-4840-9DBE-B1F22CB8E291}"
EndProject
Global
	GlobalSection(SolutionConfigurationPlatforms) = preSolution
		Debug|Any CPU = Debug|Any CPU
		Release|Any CPU = Release|Any CPU
	EndGlobalSection
	GlobalSection(ProjectConfigurationPlatforms) = postSolution
		{AC728CAB-1B7A-4840-9DBE-B1F22CB8E291}.Debug|Any CPU.ActiveCfg = Debug|Any CPU
		{AC728CAB-1B7A-4840-9DBE-B1F22CB8E291}.Debug|Any CPU.Build.0 = Debug|Any CPU
		{AC728CAB-1B7A-4840-9DBE-B1F22CB8E291}.Release|Any CPU.ActiveCfg = Release|Any CPU
		{AC728CAB-1B7A-4840-9DBE-B1F22CB8E291}.Release|Any CPU.Build.0 = Release|Any CPU
	EndGlobalSection
	GlobalSection(SolutionProperties) = preSolution
		HideSolutionNode = FALSE
	EndGlobalSection
	GlobalSection(ExtensibilityGlobals) = postSolution
		SolutionGuid = {F30E54B7-3104-49B5-8061-A73B2E56CDD3}
	EndGlobalSection
EndGlobal
